
Microsoft Visual Studio Solution File, Format Version 12.00
# Visual Studio Version 17
VisualStudioVersion = 17.5.002.0
MinimumVisualStudioVersion = 10.0.40219.1
Project("{9A19103F-16F7-4668-BE54-9A1E7A4F7556}") = "BoringApp", "BoringApp.csproj", "{FA6AE10F-8D3A-4E01-99DC-0176FF1D0206}"
EndProject
Global
	GlobalSection(SolutionConfigurationPlatforms) = preSolution
		Debug|Any CPU = Debug|Any CPU
		Release|Any CPU = Release|Any CPU
	EndGlobalSection
	GlobalSection(ProjectConfigurationPlatforms) = postSolution
		{FA6AE10F-8D3A-4E01-99DC-0176FF1D0206}.Debug|Any CPU.ActiveCfg = Debug|Any CPU
		{FA6AE10F-8D3A-4E01-99DC-0176FF1D0206}.Debug|Any CPU.Build.0 = Debug|Any CPU
		{FA6AE10F-8D3A-4E01-99DC-0176FF1D0206}.Release|Any CPU.ActiveCfg = Release|Any CPU
		{FA6AE10F-8D3A-4E01-99DC-0176FF1D0206}.Release|Any CPU.Build.0 = Release|Any CPU
	EndGlobalSection
	GlobalSection(SolutionProperties) = preSolution
		HideSolutionNode = FALSE
	EndGlobalSection
	GlobalSection(ExtensibilityGlobals) = postSolution
		SolutionGuid = {C050E13B-80EB-4D47-8DBE-5CE8F1CCC6A1}
	EndGlobalSection
EndGlobal
